
Microsoft Visual Studio Solution File, Format Version 12.00
# Visual Studio Version 17
VisualStudioVersion = 17.3.32825.248
MinimumVisualStudioVersion = 10.0.40219.1
Project("{FAE04EC0-301F-11D3-BF4B-00C04F79EFBC}") = "WTG Switcher", "WTG Switcher\WTG Switcher.csproj", "{D97FE252-F9EC-4D5E-8B14-F5AA2227454B}"
EndProject
Global
	GlobalSection(SolutionConfigurationPlatforms) = preSolution
		Debug|Any CPU = Debug|Any CPU
		Release|Any CPU = Release|Any CPU
	EndGlobalSection
	GlobalSection(ProjectConfigurationPlatforms) = postSolution
		{D97FE252-F9EC-4D5E-8B14-F5AA2227454B}.Debug|Any CPU.ActiveCfg = Debug|Any CPU
		{D97FE252-F9EC-4D5E-8B14-F5AA2227454B}.Debug|Any CPU.Build.0 = Debug|Any CPU
		{D97FE252-F9EC-4D5E-8B14-F5AA2227454B}.Release|Any CPU.ActiveCfg = Release|Any CPU
		{D97FE252-F9EC-4D5E-8B14-F5AA2227454B}.Release|Any CPU.Build.0 = Release|Any CPU
	EndGlobalSection
	GlobalSection(SolutionProperties) = preSolution
		HideSolutionNode = FALSE
	EndGlobalSection
	GlobalSection(ExtensibilityGlobals) = postSolution
		SolutionGuid = {649D473B-5118-4563-9D9A-5994EABB5E55}
	EndGlobalSection
EndGlobal
